// !$*UTF8*$!
{
	archiveVersion = 1;
	classes = {
	};
	objectVersion = 48;
	objects = {

/* Begin PBXBuildFile section */
		67F5BB84BC21CDFEABD439B9 /* Pods_breakpoint.framework in Frameworks */ = {isa = PBXBuildFile; fileRef = 2AF99DFA1BB7AFA4DC103770 /* Pods_breakpoint.framework */; };
		BE1B327B1F838EA800C73A3B /* CreatePostVC.swift in Sources */ = {isa = PBXBuildFile; fileRef = BE1B327A1F838EA800C73A3B /* CreatePostVC.swift */; };
		BE4B3E2B1F8240EB00F456EB /* AuthVC.swift in Sources */ = {isa = PBXBuildFile; fileRef = BE4B3E2A1F8240EB00F456EB /* AuthVC.swift */; };
		BE4B3E2D1F8240F500F456EB /* LoginVC.swift in Sources */ = {isa = PBXBuildFile; fileRef = BE4B3E2C1F8240F500F456EB /* LoginVC.swift */; };
		BE4B3E2F1F8241C800F456EB /* InsetTextField.swift in Sources */ = {isa = PBXBuildFile; fileRef = BE4B3E2E1F8241C800F456EB /* InsetTextField.swift */; };
		BE4B3E311F8245C600F456EB /* ShadowView.swift in Sources */ = {isa = PBXBuildFile; fileRef = BE4B3E301F8245C600F456EB /* ShadowView.swift */; };
		BE4B3E361F824DD600F456EB /* GoogleService-Info.plist in Resources */ = {isa = PBXBuildFile; fileRef = BE4B3E351F824DD600F456EB /* GoogleService-Info.plist */; };
		BE4B3E381F824F2500F456EB /* AuthService.swift in Sources */ = {isa = PBXBuildFile; fileRef = BE4B3E371F824F2500F456EB /* AuthService.swift */; };
		BE74B8BC1F815F3100CAF28B /* DataService.swift in Sources */ = {isa = PBXBuildFile; fileRef = BE74B8BB1F815F3100CAF28B /* DataService.swift */; };
		BEB134611F815C72004921DF /* AppDelegate.swift in Sources */ = {isa = PBXBuildFile; fileRef = BEB134601F815C72004921DF /* AppDelegate.swift */; };
		BEB134631F815C72004921DF /* FeedVC.swift in Sources */ = {isa = PBXBuildFile; fileRef = BEB134621F815C72004921DF /* FeedVC.swift */; };
		BEB134651F815C72004921DF /* GroupsVC.swift in Sources */ = {isa = PBXBuildFile; fileRef = BEB134641F815C72004921DF /* GroupsVC.swift */; };
		BEB134681F815C72004921DF /* Main.storyboard in Resources */ = {isa = PBXBuildFile; fileRef = BEB134661F815C72004921DF /* Main.storyboard */; };
		BEB1346A1F815C72004921DF /* Assets.xcassets in Resources */ = {isa = PBXBuildFile; fileRef = BEB134691F815C72004921DF /* Assets.xcassets */; };
		BEB1346D1F815C72004921DF /* LaunchScreen.storyboard in Resources */ = {isa = PBXBuildFile; fileRef = BEB1346B1F815C72004921DF /* LaunchScreen.storyboard */; };
		BED5E7FF1F83831A003262B8 /* MeVC.swift in Sources */ = {isa = PBXBuildFile; fileRef = BED5E7FE1F83831A003262B8 /* MeVC.swift */; };
/* End PBXBuildFile section */

/* Begin PBXFileReference section */
		2AF99DFA1BB7AFA4DC103770 /* Pods_breakpoint.framework */ = {isa = PBXFileReference; explicitFileType = wrapper.framework; includeInIndex = 0; path = Pods_breakpoint.framework; sourceTree = BUILT_PRODUCTS_DIR; };
		7687E7E1953C9BBF6D79A288 /* Pods-breakpoint.release.xcconfig */ = {isa = PBXFileReference; includeInIndex = 1; lastKnownFileType = text.xcconfig; name = "Pods-breakpoint.release.xcconfig"; path = "Pods/Target Support Files/Pods-breakpoint/Pods-breakpoint.release.xcconfig"; sourceTree = "<group>"; };
		ABA77C92AD316CF67CB19B93 /* Pods-breakpoint.debug.xcconfig */ = {isa = PBXFileReference; includeInIndex = 1; lastKnownFileType = text.xcconfig; name = "Pods-breakpoint.debug.xcconfig"; path = "Pods/Target Support Files/Pods-breakpoint/Pods-breakpoint.debug.xcconfig"; sourceTree = "<group>"; };
		BE1B327A1F838EA800C73A3B /* CreatePostVC.swift */ = {isa = PBXFileReference; lastKnownFileType = sourcecode.swift; path = CreatePostVC.swift; sourceTree = "<group>"; };
		BE4B3E2A1F8240EB00F456EB /* AuthVC.swift */ = {isa = PBXFileReference; lastKnownFileType = sourcecode.swift; path = AuthVC.swift; sourceTree = "<group>"; };
		BE4B3E2C1F8240F500F456EB /* LoginVC.swift */ = {isa = PBXFileReference; lastKnownFileType = sourcecode.swift; path = LoginVC.swift; sourceTree = "<group>"; };
		BE4B3E2E1F8241C800F456EB /* InsetTextField.swift */ = {isa = PBXFileReference; lastKnownFileType = sourcecode.swift; path = InsetTextField.swift; sourceTree = "<group>"; };
		BE4B3E301F8245C600F456EB /* ShadowView.swift */ = {isa = PBXFileReference; lastKnownFileType = sourcecode.swift; path = ShadowView.swift; sourceTree = "<group>"; };
		BE4B3E351F824DD600F456EB /* GoogleService-Info.plist */ = {isa = PBXFileReference; fileEncoding = 4; lastKnownFileType = text.plist.xml; path = "GoogleService-Info.plist"; sourceTree = "<group>"; };
		BE4B3E371F824F2500F456EB /* AuthService.swift */ = {isa = PBXFileReference; lastKnownFileType = sourcecode.swift; path = AuthService.swift; sourceTree = "<group>"; };
		BE74B8BB1F815F3100CAF28B /* DataService.swift */ = {isa = PBXFileReference; lastKnownFileType = sourcecode.swift; path = DataService.swift; sourceTree = "<group>"; };
		BEB1345D1F815C72004921DF /* breakpoint.app */ = {isa = PBXFileReference; explicitFileType = wrapper.application; includeInIndex = 0; path = breakpoint.app; sourceTree = BUILT_PRODUCTS_DIR; };
		BEB134601F815C72004921DF /* AppDelegate.swift */ = {isa = PBXFileReference; lastKnownFileType = sourcecode.swift; path = AppDelegate.swift; sourceTree = "<group>"; };
		BEB134621F815C72004921DF /* FeedVC.swift */ = {isa = PBXFileReference; lastKnownFileType = sourcecode.swift; path = FeedVC.swift; sourceTree = "<group>"; };
		BEB134641F815C72004921DF /* GroupsVC.swift */ = {isa = PBXFileReference; lastKnownFileType = sourcecode.swift; path = GroupsVC.swift; sourceTree = "<group>"; };
		BEB134671F815C72004921DF /* Base */ = {isa = PBXFileReference; lastKnownFileType = file.storyboard; name = Base; path = Base.lproj/Main.storyboard; sourceTree = "<group>"; };
		BEB134691F815C72004921DF /* Assets.xcassets */ = {isa = PBXFileReference; lastKnownFileType = folder.assetcatalog; path = Assets.xcassets; sourceTree = "<group>"; };
		BEB1346C1F815C72004921DF /* Base */ = {isa = PBXFileReference; lastKnownFileType = file.storyboard; name = Base; path = Base.lproj/LaunchScreen.storyboard; sourceTree = "<group>"; };
		BEB1346E1F815C72004921DF /* Info.plist */ = {isa = PBXFileReference; lastKnownFileType = text.plist.xml; path = Info.plist; sourceTree = "<group>"; };
		BED5E7FE1F83831A003262B8 /* MeVC.swift */ = {isa = PBXFileReference; lastKnownFileType = sourcecode.swift; path = MeVC.swift; sourceTree = "<group>"; };
/* End PBXFileReference section */

/* Begin PBXFrameworksBuildPhase section */
		BEB1345A1F815C72004921DF /* Frameworks */ = {
			isa = PBXFrameworksBuildPhase;
			buildActionMask = 2147483647;
			files = (
				67F5BB84BC21CDFEABD439B9 /* Pods_breakpoint.framework in Frameworks */,
			);
			runOnlyForDeploymentPostprocessing = 0;
		};
/* End PBXFrameworksBuildPhase section */

/* Begin PBXGroup section */
		369C607992B3A10AC35FFD6A /* Frameworks */ = {
			isa = PBXGroup;
			children = (
				2AF99DFA1BB7AFA4DC103770 /* Pods_breakpoint.framework */,
			);
			name = Frameworks;
			sourceTree = "<group>";
		};
		A5C85EA6E9735EB49612591E /* Pods */ = {
			isa = PBXGroup;
			children = (
				ABA77C92AD316CF67CB19B93 /* Pods-breakpoint.debug.xcconfig */,
				7687E7E1953C9BBF6D79A288 /* Pods-breakpoint.release.xcconfig */,
			);
			name = Pods;
			sourceTree = "<group>";
		};
		BEB134541F815C72004921DF = {
			isa = PBXGroup;
			children = (
				BEB1345F1F815C72004921DF /* breakpoint */,
				BEB1345E1F815C72004921DF /* Products */,
				A5C85EA6E9735EB49612591E /* Pods */,
				369C607992B3A10AC35FFD6A /* Frameworks */,
			);
			sourceTree = "<group>";
		};
		BEB1345E1F815C72004921DF /* Products */ = {
			isa = PBXGroup;
			children = (
				BEB1345D1F815C72004921DF /* breakpoint.app */,
			);
			name = Products;
			sourceTree = "<group>";
		};
		BEB1345F1F815C72004921DF /* breakpoint */ = {
			isa = PBXGroup;
			children = (
				BE4B3E351F824DD600F456EB /* GoogleService-Info.plist */,
				BEB134791F815D1C004921DF /* Utilities */,
				BEB134781F815D10004921DF /* Services */,
				BEB134771F815D02004921DF /* Extensions */,
				BEB134761F815CEF004921DF /* Model */,
				BEB134751F815CE9004921DF /* View */,
				BEB134741F815CE3004921DF /* Controller */,
				BEB134601F815C72004921DF /* AppDelegate.swift */,
				BEB134661F815C72004921DF /* Main.storyboard */,
				BEB134691F815C72004921DF /* Assets.xcassets */,
				BEB1346B1F815C72004921DF /* LaunchScreen.storyboard */,
				BEB1346E1F815C72004921DF /* Info.plist */,
			);
			path = breakpoint;
			sourceTree = "<group>";
		};
		BEB134741F815CE3004921DF /* Controller */ = {
			isa = PBXGroup;
			children = (
				BEB134621F815C72004921DF /* FeedVC.swift */,
				BEB134641F815C72004921DF /* GroupsVC.swift */,
				BE4B3E2A1F8240EB00F456EB /* AuthVC.swift */,
				BE4B3E2C1F8240F500F456EB /* LoginVC.swift */,
				BED5E7FE1F83831A003262B8 /* MeVC.swift */,
				BE1B327A1F838EA800C73A3B /* CreatePostVC.swift */,
			);
			path = Controller;
			sourceTree = "<group>";
		};
		BEB134751F815CE9004921DF /* View */ = {
			isa = PBXGroup;
			children = (
				BE4B3E2E1F8241C800F456EB /* InsetTextField.swift */,
				BE4B3E301F8245C600F456EB /* ShadowView.swift */,
			);
			path = View;
			sourceTree = "<group>";
		};
		BEB134761F815CEF004921DF /* Model */ = {
			isa = PBXGroup;
			children = (
			);
			path = Model;
			sourceTree = "<group>";
		};
		BEB134771F815D02004921DF /* Extensions */ = {
			isa = PBXGroup;
			children = (
			);
			path = Extensions;
			sourceTree = "<group>";
		};
		BEB134781F815D10004921DF /* Services */ = {
			isa = PBXGroup;
			children = (
				BE74B8BB1F815F3100CAF28B /* DataService.swift */,
				BE4B3E371F824F2500F456EB /* AuthService.swift */,
			);
			path = Services;
			sourceTree = "<group>";
		};
		BEB134791F815D1C004921DF /* Utilities */ = {
			isa = PBXGroup;
			children = (
			);
			path = Utilities;
			sourceTree = "<group>";
		};
/* End PBXGroup section */

/* Begin PBXNativeTarget section */
		BEB1345C1F815C72004921DF /* breakpoint */ = {
			isa = PBXNativeTarget;
			buildConfigurationList = BEB134711F815C72004921DF /* Build configuration list for PBXNativeTarget "breakpoint" */;
			buildPhases = (
				90D119CFB27647ED98260BDD /* [CP] Check Pods Manifest.lock */,
				BEB134591F815C72004921DF /* Sources */,
				BEB1345A1F815C72004921DF /* Frameworks */,
				BEB1345B1F815C72004921DF /* Resources */,
				04DB324FB5EC3F370914F2D3 /* [CP] Embed Pods Frameworks */,
				DD1AA7508C0A652FC57066C7 /* [CP] Copy Pods Resources */,
			);
			buildRules = (
			);
			dependencies = (
			);
			name = breakpoint;
			productName = breakpoint;
			productReference = BEB1345D1F815C72004921DF /* breakpoint.app */;
			productType = "com.apple.product-type.application";
		};
/* End PBXNativeTarget section */

/* Begin PBXProject section */
		BEB134551F815C72004921DF /* Project object */ = {
			isa = PBXProject;
			attributes = {
				LastSwiftUpdateCheck = 0900;
				LastUpgradeCheck = 0900;
				ORGANIZATIONNAME = "Alexandru Corut";
				TargetAttributes = {
					BEB1345C1F815C72004921DF = {
						CreatedOnToolsVersion = 9.0;
						ProvisioningStyle = Automatic;
					};
				};
			};
			buildConfigurationList = BEB134581F815C72004921DF /* Build configuration list for PBXProject "breakpoint" */;
			compatibilityVersion = "Xcode 8.0";
			developmentRegion = en;
			hasScannedForEncodings = 0;
			knownRegions = (
				en,
				Base,
			);
			mainGroup = BEB134541F815C72004921DF;
			productRefGroup = BEB1345E1F815C72004921DF /* Products */;
			projectDirPath = "";
			projectRoot = "";
			targets = (
				BEB1345C1F815C72004921DF /* breakpoint */,
			);
		};
/* End PBXProject section */

/* Begin PBXResourcesBuildPhase section */
		BEB1345B1F815C72004921DF /* Resources */ = {
			isa = PBXResourcesBuildPhase;
			buildActionMask = 2147483647;
			files = (
				BEB1346D1F815C72004921DF /* LaunchScreen.storyboard in Resources */,
				BE4B3E361F824DD600F456EB /* GoogleService-Info.plist in Resources */,
				BEB1346A1F815C72004921DF /* Assets.xcassets in Resources */,
				BEB134681F815C72004921DF /* Main.storyboard in Resources */,
			);
			runOnlyForDeploymentPostprocessing = 0;
		};
/* End PBXResourcesBuildPhase section */

/* Begin PBXShellScriptBuildPhase section */
		04DB324FB5EC3F370914F2D3 /* [CP] Embed Pods Frameworks */ = {
			isa = PBXShellScriptBuildPhase;
			buildActionMask = 2147483647;
			files = (
			);
			inputPaths = (
				"${SRCROOT}/Pods/Target Support Files/Pods-breakpoint/Pods-breakpoint-frameworks.sh",
				"${BUILT_PRODUCTS_DIR}/GTMSessionFetcher/GTMSessionFetcher.framework",
				"${BUILT_PRODUCTS_DIR}/GoogleToolboxForMac/GoogleToolboxForMac.framework",
				"${BUILT_PRODUCTS_DIR}/leveldb-library/leveldb.framework",
				"${BUILT_PRODUCTS_DIR}/nanopb/nanopb.framework",
			);
			name = "[CP] Embed Pods Frameworks";
			outputPaths = (
				"${TARGET_BUILD_DIR}/${FRAMEWORKS_FOLDER_PATH}/GTMSessionFetcher.framework",
				"${TARGET_BUILD_DIR}/${FRAMEWORKS_FOLDER_PATH}/GoogleToolboxForMac.framework",
				"${TARGET_BUILD_DIR}/${FRAMEWORKS_FOLDER_PATH}/leveldb.framework",
				"${TARGET_BUILD_DIR}/${FRAMEWORKS_FOLDER_PATH}/nanopb.framework",
			);
			runOnlyForDeploymentPostprocessing = 0;
			shellPath = /bin/sh;
			shellScript = "\"${SRCROOT}/Pods/Target Support Files/Pods-breakpoint/Pods-breakpoint-frameworks.sh\"\n";
			showEnvVarsInLog = 0;
		};
		90D119CFB27647ED98260BDD /* [CP] Check Pods Manifest.lock */ = {
			isa = PBXShellScriptBuildPhase;
			buildActionMask = 2147483647;
			files = (
			);
			inputPaths = (
				"${PODS_PODFILE_DIR_PATH}/Podfile.lock",
				"${PODS_ROOT}/Manifest.lock",
			);
			name = "[CP] Check Pods Manifest.lock";
			outputPaths = (
				"$(DERIVED_FILE_DIR)/Pods-breakpoint-checkManifestLockResult.txt",
			);
			runOnlyForDeploymentPostprocessing = 0;
			shellPath = /bin/sh;
			shellScript = "diff \"${PODS_PODFILE_DIR_PATH}/Podfile.lock\" \"${PODS_ROOT}/Manifest.lock\" > /dev/null\nif [ $? != 0 ] ; then\n    # print error to STDERR\n    echo \"error: The sandbox is not in sync with the Podfile.lock. Run 'pod install' or update your CocoaPods installation.\" >&2\n    exit 1\nfi\n# This output is used by Xcode 'outputs' to avoid re-running this script phase.\necho \"SUCCESS\" > \"${SCRIPT_OUTPUT_FILE_0}\"\n";
			showEnvVarsInLog = 0;
		};
		DD1AA7508C0A652FC57066C7 /* [CP] Copy Pods Resources */ = {
			isa = PBXShellScriptBuildPhase;
			buildActionMask = 2147483647;
			files = (
			);
			inputPaths = (
			);
			name = "[CP] Copy Pods Resources";
			outputPaths = (
			);
			runOnlyForDeploymentPostprocessing = 0;
			shellPath = /bin/sh;
			shellScript = "\"${SRCROOT}/Pods/Target Support Files/Pods-breakpoint/Pods-breakpoint-resources.sh\"\n";
			showEnvVarsInLog = 0;
		};
/* End PBXShellScriptBuildPhase section */

/* Begin PBXSourcesBuildPhase section */
		BEB134591F815C72004921DF /* Sources */ = {
			isa = PBXSourcesBuildPhase;
			buildActionMask = 2147483647;
			files = (
				BED5E7FF1F83831A003262B8 /* MeVC.swift in Sources */,
				BE4B3E2B1F8240EB00F456EB /* AuthVC.swift in Sources */,
				BEB134651F815C72004921DF /* GroupsVC.swift in Sources */,
				BE4B3E2D1F8240F500F456EB /* LoginVC.swift in Sources */,
				BE4B3E381F824F2500F456EB /* AuthService.swift in Sources */,
				BEB134611F815C72004921DF /* AppDelegate.swift in Sources */,
				BE4B3E311F8245C600F456EB /* ShadowView.swift in Sources */,
				BEB134631F815C72004921DF /* FeedVC.swift in Sources */,
				BE4B3E2F1F8241C800F456EB /* InsetTextField.swift in Sources */,
				BE74B8BC1F815F3100CAF28B /* DataService.swift in Sources */,
				BE1B327B1F838EA800C73A3B /* CreatePostVC.swift in Sources */,
			);
			runOnlyForDeploymentPostprocessing = 0;
		};
/* End PBXSourcesBuildPhase section */

/* Begin PBXVariantGroup section */
		BEB134661F815C72004921DF /* Main.storyboard */ = {
			isa = PBXVariantGroup;
			children = (
				BEB134671F815C72004921DF /* Base */,
			);
			name = Main.storyboard;
			sourceTree = "<group>";
		};
		BEB1346B1F815C72004921DF /* LaunchScreen.storyboard */ = {
			isa = PBXVariantGroup;
			children = (
				BEB1346C1F815C72004921DF /* Base */,
			);
			name = LaunchScreen.storyboard;
			sourceTree = "<group>";
		};
/* End PBXVariantGroup section */

/* Begin XCBuildConfiguration section */
		BEB1346F1F815C72004921DF /* Debug */ = {
			isa = XCBuildConfiguration;
			buildSettings = {
				ALWAYS_SEARCH_USER_PATHS = NO;
				CLANG_ANALYZER_NONNULL = YES;
				CLANG_ANALYZER_NUMBER_OBJECT_CONVERSION = YES_AGGRESSIVE;
				CLANG_CXX_LANGUAGE_STANDARD = "gnu++14";
				CLANG_CXX_LIBRARY = "libc++";
				CLANG_ENABLE_MODULES = YES;
				CLANG_ENABLE_OBJC_ARC = YES;
				CLANG_WARN_BLOCK_CAPTURE_AUTORELEASING = YES;
				CLANG_WARN_BOOL_CONVERSION = YES;
				CLANG_WARN_COMMA = YES;
				CLANG_WARN_CONSTANT_CONVERSION = YES;
				CLANG_WARN_DIRECT_OBJC_ISA_USAGE = YES_ERROR;
				CLANG_WARN_DOCUMENTATION_COMMENTS = YES;
				CLANG_WARN_EMPTY_BODY = YES;
				CLANG_WARN_ENUM_CONVERSION = YES;
				CLANG_WARN_INFINITE_RECURSION = YES;
				CLANG_WARN_INT_CONVERSION = YES;
				CLANG_WARN_NON_LITERAL_NULL_CONVERSION = YES;
				CLANG_WARN_OBJC_LITERAL_CONVERSION = YES;
				CLANG_WARN_OBJC_ROOT_CLASS = YES_ERROR;
				CLANG_WARN_RANGE_LOOP_ANALYSIS = YES;
				CLANG_WARN_STRICT_PROTOTYPES = YES;
				CLANG_WARN_SUSPICIOUS_MOVE = YES;
				CLANG_WARN_UNGUARDED_AVAILABILITY = YES_AGGRESSIVE;
				CLANG_WARN_UNREACHABLE_CODE = YES;
				CLANG_WARN__DUPLICATE_METHOD_MATCH = YES;
				CODE_SIGN_IDENTITY = "iPhone Developer";
				COPY_PHASE_STRIP = NO;
				DEBUG_INFORMATION_FORMAT = dwarf;
				ENABLE_STRICT_OBJC_MSGSEND = YES;
				ENABLE_TESTABILITY = YES;
				GCC_C_LANGUAGE_STANDARD = gnu11;
				GCC_DYNAMIC_NO_PIC = NO;
				GCC_NO_COMMON_BLOCKS = YES;
				GCC_OPTIMIZATION_LEVEL = 0;
				GCC_PREPROCESSOR_DEFINITIONS = (
					"DEBUG=1",
					"$(inherited)",
				);
				GCC_WARN_64_TO_32_BIT_CONVERSION = YES;
				GCC_WARN_ABOUT_RETURN_TYPE = YES_ERROR;
				GCC_WARN_UNDECLARED_SELECTOR = YES;
				GCC_WARN_UNINITIALIZED_AUTOS = YES_AGGRESSIVE;
				GCC_WARN_UNUSED_FUNCTION = YES;
				GCC_WARN_UNUSED_VARIABLE = YES;
				IPHONEOS_DEPLOYMENT_TARGET = 11.0;
				MTL_ENABLE_DEBUG_INFO = YES;
				ONLY_ACTIVE_ARCH = YES;
				SDKROOT = iphoneos;
				SWIFT_ACTIVE_COMPILATION_CONDITIONS = DEBUG;
				SWIFT_OPTIMIZATION_LEVEL = "-Onone";
			};
			name = Debug;
		};
		BEB134701F815C72004921DF /* Release */ = {
			isa = XCBuildConfiguration;
			buildSettings = {
				ALWAYS_SEARCH_USER_PATHS = NO;
				CLANG_ANALYZER_NONNULL = YES;
				CLANG_ANALYZER_NUMBER_OBJECT_CONVERSION = YES_AGGRESSIVE;
				CLANG_CXX_LANGUAGE_STANDARD = "gnu++14";
				CLANG_CXX_LIBRARY = "libc++";
				CLANG_ENABLE_MODULES = YES;
				CLANG_ENABLE_OBJC_ARC = YES;
				CLANG_WARN_BLOCK_CAPTURE_AUTORELEASING = YES;
				CLANG_WARN_BOOL_CONVERSION = YES;
				CLANG_WARN_COMMA = YES;
				CLANG_WARN_CONSTANT_CONVERSION = YES;
				CLANG_WARN_DIRECT_OBJC_ISA_USAGE = YES_ERROR;
				CLANG_WARN_DOCUMENTATION_COMMENTS = YES;
				CLANG_WARN_EMPTY_BODY = YES;
				CLANG_WARN_ENUM_CONVERSION = YES;
				CLANG_WARN_INFINITE_RECURSION = YES;
				CLANG_WARN_INT_CONVERSION = YES;
				CLANG_WARN_NON_LITERAL_NULL_CONVERSION = YES;
				CLANG_WARN_OBJC_LITERAL_CONVERSION = YES;
				CLANG_WARN_OBJC_ROOT_CLASS = YES_ERROR;
				CLANG_WARN_RANGE_LOOP_ANALYSIS = YES;
				CLANG_WARN_STRICT_PROTOTYPES = YES;
				CLANG_WARN_SUSPICIOUS_MOVE = YES;
				CLANG_WARN_UNGUARDED_AVAILABILITY = YES_AGGRESSIVE;
				CLANG_WARN_UNREACHABLE_CODE = YES;
				CLANG_WARN__DUPLICATE_METHOD_MATCH = YES;
				CODE_SIGN_IDENTITY = "iPhone Developer";
				COPY_PHASE_STRIP = NO;
				DEBUG_INFORMATION_FORMAT = "dwarf-with-dsym";
				ENABLE_NS_ASSERTIONS = NO;
				ENABLE_STRICT_OBJC_MSGSEND = YES;
				GCC_C_LANGUAGE_STANDARD = gnu11;
				GCC_NO_COMMON_BLOCKS = YES;
				GCC_WARN_64_TO_32_BIT_CONVERSION = YES;
				GCC_WARN_ABOUT_RETURN_TYPE = YES_ERROR;
				GCC_WARN_UNDECLARED_SELECTOR = YES;
				GCC_WARN_UNINITIALIZED_AUTOS = YES_AGGRESSIVE;
				GCC_WARN_UNUSED_FUNCTION = YES;
				GCC_WARN_UNUSED_VARIABLE = YES;
				IPHONEOS_DEPLOYMENT_TARGET = 11.0;
				MTL_ENABLE_DEBUG_INFO = NO;
				SDKROOT = iphoneos;
				SWIFT_OPTIMIZATION_LEVEL = "-Owholemodule";
				VALIDATE_PRODUCT = YES;
			};
			name = Release;
		};
		BEB134721F815C72004921DF /* Debug */ = {
			isa = XCBuildConfiguration;
			baseConfigurationReference = ABA77C92AD316CF67CB19B93 /* Pods-breakpoint.debug.xcconfig */;
			buildSettings = {
				ASSETCATALOG_COMPILER_APPICON_NAME = AppIcon;
				CODE_SIGN_STYLE = Automatic;
				DEVELOPMENT_TEAM = 5XZQ592FBM;
				INFOPLIST_FILE = breakpoint/Info.plist;
				LD_RUNPATH_SEARCH_PATHS = "$(inherited) @executable_path/Frameworks";
				PRODUCT_BUNDLE_IDENTIFIER = com.alexandrucorut.breakpoint;
				PRODUCT_NAME = "$(TARGET_NAME)";
				SWIFT_VERSION = 4.0;
				TARGETED_DEVICE_FAMILY = "1,2";
			};
			name = Debug;
		};
		BEB134731F815C72004921DF /* Release */ = {
			isa = XCBuildConfiguration;
			baseConfigurationReference = 7687E7E1953C9BBF6D79A288 /* Pods-breakpoint.release.xcconfig */;
			buildSettings = {
				ASSETCATALOG_COMPILER_APPICON_NAME = AppIcon;
				CODE_SIGN_STYLE = Automatic;
				DEVELOPMENT_TEAM = 5XZQ592FBM;
				INFOPLIST_FILE = breakpoint/Info.plist;
				LD_RUNPATH_SEARCH_PATHS = "$(inherited) @executable_path/Frameworks";
				PRODUCT_BUNDLE_IDENTIFIER = com.alexandrucorut.breakpoint;
				PRODUCT_NAME = "$(TARGET_NAME)";
				SWIFT_VERSION = 4.0;
				TARGETED_DEVICE_FAMILY = "1,2";
			};
			name = Release;
		};
/* End XCBuildConfiguration section */

/* Begin XCConfigurationList section */
		BEB134581F815C72004921DF /* Build configuration list for PBXProject "breakpoint" */ = {
			isa = XCConfigurationList;
			buildConfigurations = (
				BEB1346F1F815C72004921DF /* Debug */,
				BEB134701F815C72004921DF /* Release */,
			);
			defaultConfigurationIsVisible = 0;
			defaultConfigurationName = Release;
		};
		BEB134711F815C72004921DF /* Build configuration list for PBXNativeTarget "breakpoint" */ = {
			isa = XCConfigurationList;
			buildConfigurations = (
				BEB134721F815C72004921DF /* Debug */,
				BEB134731F815C72004921DF /* Release */,
			);
			defaultConfigurationIsVisible = 0;
			defaultConfigurationName = Release;
		};
/* End XCConfigurationList section */
	};
	rootObject = BEB134551F815C72004921DF /* Project object */;
}
